
Microsoft Visual Studio Solution File, Format Version 12.00
# Visual Studio Version 16
VisualStudioVersion = 16.0.29613.14
MinimumVisualStudioVersion = 10.0.40219.1
Project("{FAE04EC0-301F-11D3-BF4B-00C04F79EFBC}") = "ClassLibrary1", "ClassLibrary1\ClassLibrary1.csproj", "{14CD00AA-623F-4456-9272-A1A29742ED0F}"
EndProject
Global
	GlobalSection(SolutionConfigurationPlatforms) = preSolution
		Debug|Any CPU = Debug|Any CPU
		Release|Any CPU = Release|Any CPU
	EndGlobalSection
	GlobalSection(ProjectConfigurationPlatforms) = postSolution
		{14CD00AA-623F-4456-9272-A1A29742ED0F}.Debug|Any CPU.ActiveCfg = Debug|Any CPU
		{14CD00AA-623F-4456-9272-A1A29742ED0F}.Debug|Any CPU.Build.0 = Debug|Any CPU
		{14CD00AA-623F-4456-9272-A1A29742ED0F}.Release|Any CPU.ActiveCfg = Release|Any CPU
		{14CD00AA-623F-4456-9272-A1A29742ED0F}.Release|Any CPU.Build.0 = Release|Any CPU
	EndGlobalSection
	GlobalSection(SolutionProperties) = preSolution
		HideSolutionNode = FALSE
	EndGlobalSection
	GlobalSection(ExtensibilityGlobals) = postSolution
		SolutionGuid = {353C4F8D-DA18-4BB5-B622-525042F96BD3}
	EndGlobalSection
EndGlobal
